
Microsoft Visual Studio Solution File, Format Version 12.00
# Visual Studio 14
VisualStudioVersion = 14.0.25123.0
MinimumVisualStudioVersion = 10.0.40219.1
Project("{FAE04EC0-301F-11D3-BF4B-00C04F79EFBC}") = "SearchAcceleratorFramework.Collectors.SqlServer", "src\SearchAcceleratorFramework.Collectors.SqlServer\SearchAcceleratorFramework.Collectors.SqlServer.csproj", "{84BD9DC4-8314-4B94-B47E-3210D368DE2F}"
EndProject
Project("{FAE04EC0-301F-11D3-BF4B-00C04F79EFBC}") = "SearchAcceleratorFramework.Collectors.SqlServer.Tests", "src\SearchAcceleratorFramework.Collectors.SqlServer.Tests\SearchAcceleratorFramework.Collectors.SqlServer.Tests.csproj", "{D9543799-5152-487A-BB2A-ED6A3F2D14F7}"
EndProject
Global
	GlobalSection(SolutionConfigurationPlatforms) = preSolution
		Debug|Any CPU = Debug|Any CPU
		Release|Any CPU = Release|Any CPU
	EndGlobalSection
	GlobalSection(ProjectConfigurationPlatforms) = postSolution
		{84BD9DC4-8314-4B94-B47E-3210D368DE2F}.Debug|Any CPU.ActiveCfg = Debug|Any CPU
		{84BD9DC4-8314-4B94-B47E-3210D368DE2F}.Debug|Any CPU.Build.0 = Debug|Any CPU
		{84BD9DC4-8314-4B94-B47E-3210D368DE2F}.Release|Any CPU.ActiveCfg = Release|Any CPU
		{84BD9DC4-8314-4B94-B47E-3210D368DE2F}.Release|Any CPU.Build.0 = Release|Any CPU
		{D9543799-5152-487A-BB2A-ED6A3F2D14F7}.Debug|Any CPU.ActiveCfg = Debug|Any CPU
		{D9543799-5152-487A-BB2A-ED6A3F2D14F7}.Debug|Any CPU.Build.0 = Debug|Any CPU
		{D9543799-5152-487A-BB2A-ED6A3F2D14F7}.Release|Any CPU.ActiveCfg = Release|Any CPU
		{D9543799-5152-487A-BB2A-ED6A3F2D14F7}.Release|Any CPU.Build.0 = Release|Any CPU
	EndGlobalSection
	GlobalSection(SolutionProperties) = preSolution
		HideSolutionNode = FALSE
	EndGlobalSection
EndGlobal
